
Microsoft Visual Studio Solution File, Format Version 11.00
# Visual Studio 2010
Project("{FAE04EC0-301F-11D3-BF4B-00C04F79EFBC}") = "Kata.ShoppingCart", "src\Kata.ShoppingCart\Kata.ShoppingCart.csproj", "{CD546451-7CB0-4020-A062-E473F6C76DCB}"
EndProject
Project("{FAE04EC0-301F-11D3-BF4B-00C04F79EFBC}") = "Kata.ShoppingCart.Unit.Tests", "src\Kata.ShoppingCart.Unit.Tests\Kata.ShoppingCart.Unit.Tests.csproj", "{F7562015-B566-43D5-98F3-1D87D48F7DB4}"
EndProject
Global
	GlobalSection(SolutionConfigurationPlatforms) = preSolution
		Debug|Any CPU = Debug|Any CPU
		Release|Any CPU = Release|Any CPU
	EndGlobalSection
	GlobalSection(ProjectConfigurationPlatforms) = postSolution
		{CD546451-7CB0-4020-A062-E473F6C76DCB}.Debug|Any CPU.ActiveCfg = Debug|Any CPU
		{CD546451-7CB0-4020-A062-E473F6C76DCB}.Debug|Any CPU.Build.0 = Debug|Any CPU
		{CD546451-7CB0-4020-A062-E473F6C76DCB}.Release|Any CPU.ActiveCfg = Release|Any CPU
		{CD546451-7CB0-4020-A062-E473F6C76DCB}.Release|Any CPU.Build.0 = Release|Any CPU
		{F7562015-B566-43D5-98F3-1D87D48F7DB4}.Debug|Any CPU.ActiveCfg = Debug|Any CPU
		{F7562015-B566-43D5-98F3-1D87D48F7DB4}.Debug|Any CPU.Build.0 = Debug|Any CPU
		{F7562015-B566-43D5-98F3-1D87D48F7DB4}.Release|Any CPU.ActiveCfg = Release|Any CPU
		{F7562015-B566-43D5-98F3-1D87D48F7DB4}.Release|Any CPU.Build.0 = Release|Any CPU
	EndGlobalSection
	GlobalSection(SolutionProperties) = preSolution
		HideSolutionNode = FALSE
	EndGlobalSection
EndGlobal
